
Microsoft Visual Studio Solution File, Format Version 12.00
# Visual Studio Version 17
VisualStudioVersion = 17.9.34616.47
MinimumVisualStudioVersion = 10.0.40219.1
Project("{9A19103F-16F7-4668-BE54-9A1E7A4F7556}") = "Terms", "Terms.csproj", "{31EAFC2A-18C8-4765-8E65-04DFA174B66D}"
EndProject
Global
	GlobalSection(SolutionConfigurationPlatforms) = preSolution
		Debug|Any CPU = Debug|Any CPU
		Release|Any CPU = Release|Any CPU
	EndGlobalSection
	GlobalSection(ProjectConfigurationPlatforms) = postSolution
		{31EAFC2A-18C8-4765-8E65-04DFA174B66D}.Debug|Any CPU.ActiveCfg = Debug|Any CPU
		{31EAFC2A-18C8-4765-8E65-04DFA174B66D}.Debug|Any CPU.Build.0 = Debug|Any CPU
		{31EAFC2A-18C8-4765-8E65-04DFA174B66D}.Debug|Any CPU.Deploy.0 = Debug|Any CPU
		{31EAFC2A-18C8-4765-8E65-04DFA174B66D}.Release|Any CPU.ActiveCfg = Release|Any CPU
		{31EAFC2A-18C8-4765-8E65-04DFA174B66D}.Release|Any CPU.Build.0 = Release|Any CPU
		{31EAFC2A-18C8-4765-8E65-04DFA174B66D}.Release|Any CPU.Deploy.0 = Release|Any CPU
	EndGlobalSection
	GlobalSection(SolutionProperties) = preSolution
		HideSolutionNode = FALSE
	EndGlobalSection
	GlobalSection(ExtensibilityGlobals) = postSolution
		SolutionGuid = {B3978E8B-E3F4-41B7-90B4-E439E7B3890B}
	EndGlobalSection
EndGlobal
